// !$*UTF8*$!
{
	archiveVersion = 1;
	classes = {
	};
	objectVersion = 46;
	objects = {

/* Begin PBXBuildFile section */
		3646B528173857FC00CF2CA0 /* UIKit.framework in Frameworks */ = {isa = PBXBuildFile; fileRef = 3646B527173857FC00CF2CA0 /* UIKit.framework */; };
		3646B52A173857FC00CF2CA0 /* Foundation.framework in Frameworks */ = {isa = PBXBuildFile; fileRef = 3646B529173857FC00CF2CA0 /* Foundation.framework */; };
		3646B52C173857FC00CF2CA0 /* CoreGraphics.framework in Frameworks */ = {isa = PBXBuildFile; fileRef = 3646B52B173857FC00CF2CA0 /* CoreGraphics.framework */; };
		3646B532173857FC00CF2CA0 /* InfoPlist.strings in Resources */ = {isa = PBXBuildFile; fileRef = 3646B530173857FC00CF2CA0 /* InfoPlist.strings */; };
		3646B534173857FC00CF2CA0 /* main.m in Sources */ = {isa = PBXBuildFile; fileRef = 3646B533173857FC00CF2CA0 /* main.m */; };
		3646B538173857FC00CF2CA0 /* AppDelegate.m in Sources */ = {isa = PBXBuildFile; fileRef = 3646B537173857FC00CF2CA0 /* AppDelegate.m */; };
		3646B53A173857FC00CF2CA0 /* Default.png in Resources */ = {isa = PBXBuildFile; fileRef = 3646B539173857FC00CF2CA0 /* Default.png */; };
		3646B53C173857FC00CF2CA0 /* Default@2x.png in Resources */ = {isa = PBXBuildFile; fileRef = 3646B53B173857FC00CF2CA0 /* Default@2x.png */; };
		3646B53E173857FC00CF2CA0 /* Default-568h@2x.png in Resources */ = {isa = PBXBuildFile; fileRef = 3646B53D173857FC00CF2CA0 /* Default-568h@2x.png */; };
/* End PBXBuildFile section */

/* Begin PBXFileReference section */
		3646B524173857FC00CF2CA0 /* AOC1305Week1.app */ = {isa = PBXFileReference; explicitFileType = wrapper.application; includeInIndex = 0; path = AOC1305Week1.app; sourceTree = BUILT_PRODUCTS_DIR; };
		3646B527173857FC00CF2CA0 /* UIKit.framework */ = {isa = PBXFileReference; lastKnownFileType = wrapper.framework; name = UIKit.framework; path = System/Library/Frameworks/UIKit.framework; sourceTree = SDKROOT; };
		3646B529173857FC00CF2CA0 /* Foundation.framework */ = {isa = PBXFileReference; lastKnownFileType = wrapper.framework; name = Foundation.framework; path = System/Library/Frameworks/Foundation.framework; sourceTree = SDKROOT; };
		3646B52B173857FC00CF2CA0 /* CoreGraphics.framework */ = {isa = PBXFileReference; lastKnownFileType = wrapper.framework; name = CoreGraphics.framework; path = System/Library/Frameworks/CoreGraphics.framework; sourceTree = SDKROOT; };
		3646B52F173857FC00CF2CA0 /* AOC1305Week1-Info.plist */ = {isa = PBXFileReference; lastKnownFileType = text.plist.xml; path = "AOC1305Week1-Info.plist"; sourceTree = "<group>"; };
		3646B531173857FC00CF2CA0 /* en */ = {isa = PBXFileReference; lastKnownFileType = text.plist.strings; name = en; path = en.lproj/InfoPlist.strings; sourceTree = "<group>"; };
		3646B533173857FC00CF2CA0 /* main.m */ = {isa = PBXFileReference; lastKnownFileType = sourcecode.c.objc; path = main.m; sourceTree = "<group>"; };
		3646B535173857FC00CF2CA0 /* AOC1305Week1-Prefix.pch */ = {isa = PBXFileReference; lastKnownFileType = sourcecode.c.h; path = "AOC1305Week1-Prefix.pch"; sourceTree = "<group>"; };
		3646B536173857FC00CF2CA0 /* AppDelegate.h */ = {isa = PBXFileReference; lastKnownFileType = sourcecode.c.h; path = AppDelegate.h; sourceTree = "<group>"; };
		3646B537173857FC00CF2CA0 /* AppDelegate.m */ = {isa = PBXFileReference; lastKnownFileType = sourcecode.c.objc; path = AppDelegate.m; sourceTree = "<group>"; };
		3646B539173857FC00CF2CA0 /* Default.png */ = {isa = PBXFileReference; lastKnownFileType = image.png; path = Default.png; sourceTree = "<group>"; };
		3646B53B173857FC00CF2CA0 /* Default@2x.png */ = {isa = PBXFileReference; lastKnownFileType = image.png; path = "Default@2x.png"; sourceTree = "<group>"; };
		3646B53D173857FC00CF2CA0 /* Default-568h@2x.png */ = {isa = PBXFileReference; lastKnownFileType = image.png; path = "Default-568h@2x.png"; sourceTree = "<group>"; };
/* End PBXFileReference section */

/* Begin PBXFrameworksBuildPhase section */
		3646B521173857FC00CF2CA0 /* Frameworks */ = {
			isa = PBXFrameworksBuildPhase;
			buildActionMask = 2147483647;
			files = (
				3646B528173857FC00CF2CA0 /* UIKit.framework in Frameworks */,
				3646B52A173857FC00CF2CA0 /* Foundation.framework in Frameworks */,
				3646B52C173857FC00CF2CA0 /* CoreGraphics.framework in Frameworks */,
			);
			runOnlyForDeploymentPostprocessing = 0;
		};
/* End PBXFrameworksBuildPhase section */

/* Begin PBXGroup section */
		3646B51B173857FC00CF2CA0 = {
			isa = PBXGroup;
			children = (
				3646B52D173857FC00CF2CA0 /* AOC1305Week1 */,
				3646B526173857FC00CF2CA0 /* Frameworks */,
				3646B525173857FC00CF2CA0 /* Products */,
			);
			sourceTree = "<group>";
		};
		3646B525173857FC00CF2CA0 /* Products */ = {
			isa = PBXGroup;
			children = (
				3646B524173857FC00CF2CA0 /* AOC1305Week1.app */,
			);
			name = Products;
			sourceTree = "<group>";
		};
		3646B526173857FC00CF2CA0 /* Frameworks */ = {
			isa = PBXGroup;
			children = (
				3646B527173857FC00CF2CA0 /* UIKit.framework */,
				3646B529173857FC00CF2CA0 /* Foundation.framework */,
				3646B52B173857FC00CF2CA0 /* CoreGraphics.framework */,
			);
			name = Frameworks;
			sourceTree = "<group>";
		};
		3646B52D173857FC00CF2CA0 /* AOC1305Week1 */ = {
			isa = PBXGroup;
			children = (
				3646B536173857FC00CF2CA0 /* AppDelegate.h */,
				3646B537173857FC00CF2CA0 /* AppDelegate.m */,
				3646B52E173857FC00CF2CA0 /* Supporting Files */,
			);
			path = AOC1305Week1;
			sourceTree = "<group>";
		};
		3646B52E173857FC00CF2CA0 /* Supporting Files */ = {
			isa = PBXGroup;
			children = (
				3646B52F173857FC00CF2CA0 /* AOC1305Week1-Info.plist */,
				3646B530173857FC00CF2CA0 /* InfoPlist.strings */,
				3646B533173857FC00CF2CA0 /* main.m */,
				3646B535173857FC00CF2CA0 /* AOC1305Week1-Prefix.pch */,
				3646B539173857FC00CF2CA0 /* Default.png */,
				3646B53B173857FC00CF2CA0 /* Default@2x.png */,
				3646B53D173857FC00CF2CA0 /* Default-568h@2x.png */,
			);
			name = "Supporting Files";
			sourceTree = "<group>";
		};
/* End PBXGroup section */

/* Begin PBXNativeTarget section */
		3646B523173857FC00CF2CA0 /* AOC1305Week1 */ = {
			isa = PBXNativeTarget;
			buildConfigurationList = 3646B541173857FC00CF2CA0 /* Build configuration list for PBXNativeTarget "AOC1305Week1" */;
			buildPhases = (
				3646B520173857FC00CF2CA0 /* Sources */,
				3646B521173857FC00CF2CA0 /* Frameworks */,
				3646B522173857FC00CF2CA0 /* Resources */,
			);
			buildRules = (
			);
			dependencies = (
			);
			name = AOC1305Week1;
			productName = AOC1305Week1;
			productReference = 3646B524173857FC00CF2CA0 /* AOC1305Week1.app */;
			productType = "com.apple.product-type.application";
		};
/* End PBXNativeTarget section */

/* Begin PBXProject section */
		3646B51C173857FC00CF2CA0 /* Project object */ = {
			isa = PBXProject;
			attributes = {
				LastUpgradeCheck = 0460;
				ORGANIZATIONNAME = "Brandon McGhee";
			};
			buildConfigurationList = 3646B51F173857FC00CF2CA0 /* Build configuration list for PBXProject "AOC1305Week1" */;
			compatibilityVersion = "Xcode 3.2";
			developmentRegion = English;
			hasScannedForEncodings = 0;
			knownRegions = (
				en,
			);
			mainGroup = 3646B51B173857FC00CF2CA0;
			productRefGroup = 3646B525173857FC00CF2CA0 /* Products */;
			projectDirPath = "";
			projectRoot = "";
			targets = (
				3646B523173857FC00CF2CA0 /* AOC1305Week1 */,
			);
		};
/* End PBXProject section */

/* Begin PBXResourcesBuildPhase section */
		3646B522173857FC00CF2CA0 /* Resources */ = {
			isa = PBXResourcesBuildPhase;
			buildActionMask = 2147483647;
			files = (
				3646B532173857FC00CF2CA0 /* InfoPlist.strings in Resources */,
				3646B53A173857FC00CF2CA0 /* Default.png in Resources */,
				3646B53C173857FC00CF2CA0 /* Default@2x.png in Resources */,
				3646B53E173857FC00CF2CA0 /* Default-568h@2x.png in Resources */,
			);
			runOnlyForDeploymentPostprocessing = 0;
		};
/* End PBXResourcesBuildPhase section */

/* Begin PBXSourcesBuildPhase section */
		3646B520173857FC00CF2CA0 /* Sources */ = {
			isa = PBXSourcesBuildPhase;
			buildActionMask = 2147483647;
			files = (
				3646B534173857FC00CF2CA0 /* main.m in Sources */,
				3646B538173857FC00CF2CA0 /* AppDelegate.m in Sources */,
			);
			runOnlyForDeploymentPostprocessing = 0;
		};
/* End PBXSourcesBuildPhase section */

/* Begin PBXVariantGroup section */
		3646B530173857FC00CF2CA0 /* InfoPlist.strings */ = {
			isa = PBXVariantGroup;
			children = (
				3646B531173857FC00CF2CA0 /* en */,
			);
			name = InfoPlist.strings;
			sourceTree = "<group>";
		};
/* End PBXVariantGroup section */

/* Begin XCBuildConfiguration section */
		3646B53F173857FC00CF2CA0 /* Debug */ = {
			isa = XCBuildConfiguration;
			buildSettings = {
				ALWAYS_SEARCH_USER_PATHS = NO;
				CLANG_CXX_LANGUAGE_STANDARD = "gnu++0x";
				CLANG_CXX_LIBRARY = "libc++";
				CLANG_WARN_CONSTANT_CONVERSION = YES;
				CLANG_WARN_EMPTY_BODY = YES;
				CLANG_WARN_ENUM_CONVERSION = YES;
				CLANG_WARN_INT_CONVERSION = YES;
				CLANG_WARN__DUPLICATE_METHOD_MATCH = YES;
				CODE_SIGN_IDENTITY = "iPhone Developer: Jennifer McCarrick (5TMP78RMGA)";
				"CODE_SIGN_IDENTITY[sdk=iphoneos*]" = "iPhone Developer: Jennifer McCarrick (5TMP78RMGA)";
				COPY_PHASE_STRIP = NO;
				GCC_C_LANGUAGE_STANDARD = gnu99;
				GCC_DYNAMIC_NO_PIC = NO;
				GCC_OPTIMIZATION_LEVEL = 0;
				GCC_PREPROCESSOR_DEFINITIONS = (
					"DEBUG=1",
					"$(inherited)",
				);
				GCC_SYMBOLS_PRIVATE_EXTERN = NO;
				GCC_WARN_ABOUT_RETURN_TYPE = YES;
				GCC_WARN_UNINITIALIZED_AUTOS = YES;
				GCC_WARN_UNUSED_VARIABLE = YES;
				IPHONEOS_DEPLOYMENT_TARGET = 6.1;
				ONLY_ACTIVE_ARCH = YES;
				PROVISIONING_PROFILE = "5B83EDBC-5671-4EEC-B71C-23CD598BB2EB";
				"PROVISIONING_PROFILE[sdk=iphoneos*]" = "5B83EDBC-5671-4EEC-B71C-23CD598BB2EB";
				SDKROOT = iphoneos;
			};
			name = Debug;
		};
		3646B540173857FC00CF2CA0 /* Release */ = {
			isa = XCBuildConfiguration;
			buildSettings = {
				ALWAYS_SEARCH_USER_PATHS = NO;
				CLANG_CXX_LANGUAGE_STANDARD = "gnu++0x";
				CLANG_CXX_LIBRARY = "libc++";
				CLANG_WARN_CONSTANT_CONVERSION = YES;
				CLANG_WARN_EMPTY_BODY = YES;
				CLANG_WARN_ENUM_CONVERSION = YES;
				CLANG_WARN_INT_CONVERSION = YES;
				CLANG_WARN__DUPLICATE_METHOD_MATCH = YES;
				CODE_SIGN_IDENTITY = "iPhone Developer: Jennifer McCarrick (5TMP78RMGA)";
				"CODE_SIGN_IDENTITY[sdk=iphoneos*]" = "iPhone Developer: Jennifer McCarrick (5TMP78RMGA)";
				COPY_PHASE_STRIP = YES;
				GCC_C_LANGUAGE_STANDARD = gnu99;
				GCC_WARN_ABOUT_RETURN_TYPE = YES;
				GCC_WARN_UNINITIALIZED_AUTOS = YES;
				GCC_WARN_UNUSED_VARIABLE = YES;
				IPHONEOS_DEPLOYMENT_TARGET = 6.1;
				OTHER_CFLAGS = "-DNS_BLOCK_ASSERTIONS=1";
				PROVISIONING_PROFILE = "5B83EDBC-5671-4EEC-B71C-23CD598BB2EB";
				"PROVISIONING_PROFILE[sdk=iphoneos*]" = "5B83EDBC-5671-4EEC-B71C-23CD598BB2EB";
				SDKROOT = iphoneos;
				VALIDATE_PRODUCT = YES;
			};
			name = Release;
		};
		3646B542173857FC00CF2CA0 /* Debug */ = {
			isa = XCBuildConfiguration;
			buildSettings = {
				CODE_SIGN_IDENTITY = "iPhone Developer";
				"CODE_SIGN_IDENTITY[sdk=iphoneos*]" = "iPhone Developer";
				GCC_PRECOMPILE_PREFIX_HEADER = YES;
				GCC_PREFIX_HEADER = "AOC1305Week1/AOC1305Week1-Prefix.pch";
				INFOPLIST_FILE = "AOC1305Week1/AOC1305Week1-Info.plist";
				PRODUCT_NAME = "$(TARGET_NAME)";
				PROVISIONING_PROFILE = "";
				"PROVISIONING_PROFILE[sdk=iphoneos*]" = "";
				WRAPPER_EXTENSION = app;
			};
			name = Debug;
		};
		3646B543173857FC00CF2CA0 /* Release */ = {
			isa = XCBuildConfiguration;
			buildSettings = {
				CODE_SIGN_IDENTITY = "iPhone Developer";
				"CODE_SIGN_IDENTITY[sdk=iphoneos*]" = "iPhone Developer";
				GCC_PRECOMPILE_PREFIX_HEADER = YES;
				GCC_PREFIX_HEADER = "AOC1305Week1/AOC1305Week1-Prefix.pch";
				INFOPLIST_FILE = "AOC1305Week1/AOC1305Week1-Info.plist";
				PRODUCT_NAME = "$(TARGET_NAME)";
				PROVISIONING_PROFILE = "";
				"PROVISIONING_PROFILE[sdk=iphoneos*]" = "";
				WRAPPER_EXTENSION = app;
			};
			name = Release;
		};
/* End XCBuildConfiguration section */

/* Begin XCConfigurationList section */
		3646B51F173857FC00CF2CA0 /* Build configuration list for PBXProject "AOC1305Week1" */ = {
			isa = XCConfigurationList;
			buildConfigurations = (
				3646B53F173857FC00CF2CA0 /* Debug */,
				3646B540173857FC00CF2CA0 /* Release */,
			);
			defaultConfigurationIsVisible = 0;
			defaultConfigurationName = Release;
		};
		3646B541173857FC00CF2CA0 /* Build configuration list for PBXNativeTarget "AOC1305Week1" */ = {
			isa = XCConfigurationList;
			buildConfigurations = (
				3646B542173857FC00CF2CA0 /* Debug */,
				3646B543173857FC00CF2CA0 /* Release */,
			);
			defaultConfigurationIsVisible = 0;
			defaultConfigurationName = Release;
		};
/* End XCConfigurationList section */
	};
	rootObject = 3646B51C173857FC00CF2CA0 /* Project object */;
}
